Microsoft Visual Studio Solution File, Format Version 12.00
# Visual Studio Version 16
VisualStudioVersion = 16.0.0.0
MinimumVisualStudioVersion = 16.0.0.0
Project("{9A19103F-16F7-4668-BE54-9A1E7A4F7556}") = "BlazorWasmRegexTest.Server", "Server\BlazorWasmRegexTest.Server.csproj", "{1EB9C311-D952-48AD-9FCE-CF4EB629442F}"
EndProject
Project("{9A19103F-16F7-4668-BE54-9A1E7A4F7556}") = "BlazorWasmRegexTest.Client", "Client\BlazorWasmRegexTest.Client.csproj", "{8069220A-8082-4B42-B9C8-B34E9068CD76}"
EndProject
Project("{9A19103F-16F7-4668-BE54-9A1E7A4F7556}") = "BlazorWasmRegexTest.Shared", "Shared\BlazorWasmRegexTest.Shared.csproj", "{C51F5EDB-D037-43F5-AE4F-E5D4CA32445F}"
EndProject
Global
	GlobalSection(SolutionConfigurationPlatforms) = preSolution
		Debug|Any CPU = Debug|Any CPU
		Debug|x64 = Debug|x64
		Debug|x86 = Debug|x86
		Release|Any CPU = Release|Any CPU
		Release|x64 = Release|x64
		Release|x86 = Release|x86
	EndGlobalSection
	GlobalSection(ProjectConfigurationPlatforms) = postSolution
		{1EB9C311-D952-48AD-9FCE-CF4EB629442F}.Debug|Any CPU.ActiveCfg = Debug|Any CPU
		{1EB9C311-D952-48AD-9FCE-CF4EB629442F}.Debug|Any CPU.Build.0 = Debug|Any CPU
		{1EB9C311-D952-48AD-9FCE-CF4EB629442F}.Debug|x64.ActiveCfg = Debug|Any CPU
		{1EB9C311-D952-48AD-9FCE-CF4EB629442F}.Debug|x64.Build.0 = Debug|Any CPU
		{1EB9C311-D952-48AD-9FCE-CF4EB629442F}.Debug|x86.ActiveCfg = Debug|Any CPU
		{1EB9C311-D952-48AD-9FCE-CF4EB629442F}.Debug|x86.Build.0 = Debug|Any CPU
		{1EB9C311-D952-48AD-9FCE-CF4EB629442F}.Release|Any CPU.ActiveCfg = Release|Any CPU
		{1EB9C311-D952-48AD-9FCE-CF4EB629442F}.Release|Any CPU.Build.0 = Release|Any CPU
		{1EB9C311-D952-48AD-9FCE-CF4EB629442F}.Release|x64.ActiveCfg = Release|Any CPU
		{1EB9C311-D952-48AD-9FCE-CF4EB629442F}.Release|x64.Build.0 = Release|Any CPU
		{1EB9C311-D952-48AD-9FCE-CF4EB629442F}.Release|x86.ActiveCfg = Release|Any CPU
		{1EB9C311-D952-48AD-9FCE-CF4EB629442F}.Release|x86.Build.0 = Release|Any CPU
		{8069220A-8082-4B42-B9C8-B34E9068CD76}.Debug|Any CPU.ActiveCfg = Debug|Any CPU
		{8069220A-8082-4B42-B9C8-B34E9068CD76}.Debug|Any CPU.Build.0 = Debug|Any CPU
		{8069220A-8082-4B42-B9C8-B34E9068CD76}.Debug|x64.ActiveCfg = Debug|Any CPU
		{8069220A-8082-4B42-B9C8-B34E9068CD76}.Debug|x64.Build.0 = Debug|Any CPU
		{8069220A-8082-4B42-B9C8-B34E9068CD76}.Debug|x86.ActiveCfg = Debug|Any CPU
		{8069220A-8082-4B42-B9C8-B34E9068CD76}.Debug|x86.Build.0 = Debug|Any CPU
		{8069220A-8082-4B42-B9C8-B34E9068CD76}.Release|Any CPU.ActiveCfg = Release|Any CPU
		{8069220A-8082-4B42-B9C8-B34E9068CD76}.Release|Any CPU.Build.0 = Release|Any CPU
		{8069220A-8082-4B42-B9C8-B34E9068CD76}.Release|x64.ActiveCfg = Release|Any CPU
		{8069220A-8082-4B42-B9C8-B34E9068CD76}.Release|x64.Build.0 = Release|Any CPU
		{8069220A-8082-4B42-B9C8-B34E9068CD76}.Release|x86.ActiveCfg = Release|Any CPU
		{8069220A-8082-4B42-B9C8-B34E9068CD76}.Release|x86.Build.0 = Release|Any CPU
		{C51F5EDB-D037-43F5-AE4F-E5D4CA32445F}.Debug|Any CPU.ActiveCfg = Debug|Any CPU
		{C51F5EDB-D037-43F5-AE4F-E5D4CA32445F}.Debug|Any CPU.Build.0 = Debug|Any CPU
		{C51F5EDB-D037-43F5-AE4F-E5D4CA32445F}.Debug|x64.ActiveCfg = Debug|Any CPU
		{C51F5EDB-D037-43F5-AE4F-E5D4CA32445F}.Debug|x64.Build.0 = Debug|Any CPU
		{C51F5EDB-D037-43F5-AE4F-E5D4CA32445F}.Debug|x86.ActiveCfg = Debug|Any CPU
		{C51F5EDB-D037-43F5-AE4F-E5D4CA32445F}.Debug|x86.Build.0 = Debug|Any CPU
		{C51F5EDB-D037-43F5-AE4F-E5D4CA32445F}.Release|Any CPU.ActiveCfg = Release|Any CPU
		{C51F5EDB-D037-43F5-AE4F-E5D4CA32445F}.Release|Any CPU.Build.0 = Release|Any CPU
		{C51F5EDB-D037-43F5-AE4F-E5D4CA32445F}.Release|x64.ActiveCfg = Release|Any CPU
		{C51F5EDB-D037-43F5-AE4F-E5D4CA32445F}.Release|x64.Build.0 = Release|Any CPU
		{C51F5EDB-D037-43F5-AE4F-E5D4CA32445F}.Release|x86.ActiveCfg = Release|Any CPU
		{C51F5EDB-D037-43F5-AE4F-E5D4CA32445F}.Release|x86.Build.0 = Release|Any CPU
	EndGlobalSection
	GlobalSection(SolutionProperties) = preSolution
		HideSolutionNode = FALSE
	EndGlobalSection
	GlobalSection(ExtensibilityGlobals) = postSolution
		SolutionGuid = {7720CFFB-B421-491E-8ED1-B83236B6FAA8}
	EndGlobalSection
EndGlobal
